// !$*UTF8*$!
{
	archiveVersion = 1;
	classes = {
	};
	objectVersion = 46;
	objects = {

/* Begin PBXBuildFile section */
		9F5790382262506C0013E45B /* YCXMLDictionary.m in Sources */ = {isa = PBXBuildFile; fileRef = 9F5790332262506C0013E45B /* YCXMLDictionary.m */; };
		9F579044226250C00013E45B /* README.markdown in Resources */ = {isa = PBXBuildFile; fileRef = 9F57903B226250C00013E45B /* README.markdown */; };
		9F579045226250C00013E45B /* TBXML+Compression.m in Sources */ = {isa = PBXBuildFile; fileRef = 9F57903D226250C00013E45B /* TBXML+Compression.m */; };
		9F579046226250C00013E45B /* TBXML.m in Sources */ = {isa = PBXBuildFile; fileRef = 9F57903E226250C00013E45B /* TBXML.m */; };
		9F579047226250C00013E45B /* TBXML+HTTP.m in Sources */ = {isa = PBXBuildFile; fileRef = 9F57903F226250C00013E45B /* TBXML+HTTP.m */; };
		9F579049226250D80013E45B /* README.md in Resources */ = {isa = PBXBuildFile; fileRef = 9F579048226250D80013E45B /* README.md */; };
		9F970E441E3D6977003B37FB /* AppDelegate.swift in Sources */ = {isa = PBXBuildFile; fileRef = 9F970E431E3D6977003B37FB /* AppDelegate.swift */; };
		9F970E461E3D6977003B37FB /* ViewController.swift in Sources */ = {isa = PBXBuildFile; fileRef = 9F970E451E3D6977003B37FB /* ViewController.swift */; };
		9F970E491E3D6977003B37FB /* Main.storyboard in Resources */ = {isa = PBXBuildFile; fileRef = 9F970E471E3D6977003B37FB /* Main.storyboard */; };
		9F970E4B1E3D6977003B37FB /* Assets.xcassets in Resources */ = {isa = PBXBuildFile; fileRef = 9F970E4A1E3D6977003B37FB /* Assets.xcassets */; };
		9F970E4E1E3D6977003B37FB /* LaunchScreen.storyboard in Resources */ = {isa = PBXBuildFile; fileRef = 9F970E4C1E3D6977003B37FB /* LaunchScreen.storyboard */; };
		9FCB8F3F1E3E66FC00B7689E /* SOAPEngine64.framework in Frameworks */ = {isa = PBXBuildFile; fileRef = 9FCB8F3E1E3E66FC00B7689E /* SOAPEngine64.framework */; };
/* End PBXBuildFile section */

/* Begin PBXFileReference section */
		9F5790332262506C0013E45B /* YCXMLDictionary.m */ = {isa = PBXFileReference; fileEncoding = 4; lastKnownFileType = sourcecode.c.objc; path = YCXMLDictionary.m; sourceTree = "<group>"; };
		9F5790342262506C0013E45B /* YCXMLDictionary.h */ = {isa = PBXFileReference; fileEncoding = 4; lastKnownFileType = sourcecode.c.h; path = YCXMLDictionary.h; sourceTree = "<group>"; };
		9F57903B226250C00013E45B /* README.markdown */ = {isa = PBXFileReference; fileEncoding = 4; lastKnownFileType = net.daringfireball.markdown; path = README.markdown; sourceTree = "<group>"; };
		9F57903D226250C00013E45B /* TBXML+Compression.m */ = {isa = PBXFileReference; fileEncoding = 4; lastKnownFileType = sourcecode.c.objc; path = "TBXML+Compression.m"; sourceTree = "<group>"; };
		9F57903E226250C00013E45B /* TBXML.m */ = {isa = PBXFileReference; fileEncoding = 4; lastKnownFileType = sourcecode.c.objc; path = TBXML.m; sourceTree = "<group>"; };
		9F57903F226250C00013E45B /* TBXML+HTTP.m */ = {isa = PBXFileReference; fileEncoding = 4; lastKnownFileType = sourcecode.c.objc; path = "TBXML+HTTP.m"; sourceTree = "<group>"; };
		9F579041226250C00013E45B /* TBXML+HTTP.h */ = {isa = PBXFileReference; fileEncoding = 4; lastKnownFileType = sourcecode.c.h; path = "TBXML+HTTP.h"; sourceTree = "<group>"; };
		9F579042226250C00013E45B /* TBXML+Compression.h */ = {isa = PBXFileReference; fileEncoding = 4; lastKnownFileType = sourcecode.c.h; path = "TBXML+Compression.h"; sourceTree = "<group>"; };
		9F579043226250C00013E45B /* TBXML.h */ = {isa = PBXFileReference; fileEncoding = 4; lastKnownFileType = sourcecode.c.h; path = TBXML.h; sourceTree = "<group>"; };
		9F579048226250D80013E45B /* README.md */ = {isa = PBXFileReference; fileEncoding = 4; lastKnownFileType = net.daringfireball.markdown; path = README.md; sourceTree = "<group>"; };
		9F970E401E3D6977003B37FB /* SOAPEngine Swift.app */ = {isa = PBXFileReference; explicitFileType = wrapper.application; includeInIndex = 0; path = "SOAPEngine Swift.app"; sourceTree = BUILT_PRODUCTS_DIR; };
		9F970E431E3D6977003B37FB /* AppDelegate.swift */ = {isa = PBXFileReference; lastKnownFileType = sourcecode.swift; path = AppDelegate.swift; sourceTree = "<group>"; };
		9F970E451E3D6977003B37FB /* ViewController.swift */ = {isa = PBXFileReference; lastKnownFileType = sourcecode.swift; path = ViewController.swift; sourceTree = "<group>"; };
		9F970E481E3D6977003B37FB /* Base */ = {isa = PBXFileReference; lastKnownFileType = file.storyboard; name = Base; path = Base.lproj/Main.storyboard; sourceTree = "<group>"; };
		9F970E4A1E3D6977003B37FB /* Assets.xcassets */ = {isa = PBXFileReference; lastKnownFileType = folder.assetcatalog; path = Assets.xcassets; sourceTree = "<group>"; };
		9F970E4D1E3D6977003B37FB /* Base */ = {isa = PBXFileReference; lastKnownFileType = file.storyboard; name = Base; path = Base.lproj/LaunchScreen.storyboard; sourceTree = "<group>"; };
		9F970E4F1E3D6977003B37FB /* Info.plist */ = {isa = PBXFileReference; lastKnownFileType = text.plist.xml; path = Info.plist; sourceTree = "<group>"; };
		9F970E611E3D6F9D003B37FB /* SOAPEngine-Bridging-Header.h */ = {isa = PBXFileReference; lastKnownFileType = sourcecode.c.h; path = "SOAPEngine-Bridging-Header.h"; sourceTree = "<group>"; };
		9FCB8F3E1E3E66FC00B7689E /* SOAPEngine64.framework */ = {isa = PBXFileReference; lastKnownFileType = wrapper.framework; name = SOAPEngine64.framework; path = ../SOAPEngine64.framework; sourceTree = "<group>"; };
/* End PBXFileReference section */

/* Begin PBXFrameworksBuildPhase section */
		9F970E3D1E3D6977003B37FB /* Frameworks */ = {
			isa = PBXFrameworksBuildPhase;
			buildActionMask = 2147483647;
			files = (
				9FCB8F3F1E3E66FC00B7689E /* SOAPEngine64.framework in Frameworks */,
			);
			runOnlyForDeploymentPostprocessing = 0;
		};
/* End PBXFrameworksBuildPhase section */

/* Begin PBXGroup section */
		9F5790302262506C0013E45B /* YCXMLDictionary */ = {
			isa = PBXGroup;
			children = (
				9F579048226250D80013E45B /* README.md */,
				9F5790342262506C0013E45B /* YCXMLDictionary.h */,
				9F5790332262506C0013E45B /* YCXMLDictionary.m */,
			);
			path = YCXMLDictionary;
			sourceTree = "<group>";
		};
		9F57903A226250C00013E45B /* TBXML */ = {
			isa = PBXGroup;
			children = (
				9F57903B226250C00013E45B /* README.markdown */,
				9F57903C226250C00013E45B /* TBXML-Code */,
				9F579040226250C00013E45B /* TBXML-Headers */,
			);
			path = TBXML;
			sourceTree = "<group>";
		};
		9F57903C226250C00013E45B /* TBXML-Code */ = {
			isa = PBXGroup;
			children = (
				9F57903D226250C00013E45B /* TBXML+Compression.m */,
				9F57903E226250C00013E45B /* TBXML.m */,
				9F57903F226250C00013E45B /* TBXML+HTTP.m */,
			);
			path = "TBXML-Code";
			sourceTree = "<group>";
		};
		9F579040226250C00013E45B /* TBXML-Headers */ = {
			isa = PBXGroup;
			children = (
				9F579041226250C00013E45B /* TBXML+HTTP.h */,
				9F579042226250C00013E45B /* TBXML+Compression.h */,
				9F579043226250C00013E45B /* TBXML.h */,
			);
			path = "TBXML-Headers";
			sourceTree = "<group>";
		};
		9F970E371E3D6977003B37FB = {
			isa = PBXGroup;
			children = (
				9F970E421E3D6977003B37FB /* SOAPEngine Swift */,
				9F970E411E3D6977003B37FB /* Products */,
				9F970E5B1E3D69B0003B37FB /* Frameworks */,
			);
			sourceTree = "<group>";
		};
		9F970E411E3D6977003B37FB /* Products */ = {
			isa = PBXGroup;
			children = (
				9F970E401E3D6977003B37FB /* SOAPEngine Swift.app */,
			);
			name = Products;
			sourceTree = "<group>";
		};
		9F970E421E3D6977003B37FB /* SOAPEngine Swift */ = {
			isa = PBXGroup;
			children = (
				9F970E431E3D6977003B37FB /* AppDelegate.swift */,
				9F970E451E3D6977003B37FB /* ViewController.swift */,
				9F970E471E3D6977003B37FB /* Main.storyboard */,
				9F970E4A1E3D6977003B37FB /* Assets.xcassets */,
				9F970E4C1E3D6977003B37FB /* LaunchScreen.storyboard */,
				9F970E4F1E3D6977003B37FB /* Info.plist */,
				9F970E611E3D6F9D003B37FB /* SOAPEngine-Bridging-Header.h */,
				9F5790302262506C0013E45B /* YCXMLDictionary */,
				9F57903A226250C00013E45B /* TBXML */,
			);
			path = "SOAPEngine Swift";
			sourceTree = "<group>";
		};
		9F970E5B1E3D69B0003B37FB /* Frameworks */ = {
			isa = PBXGroup;
			children = (
				9FCB8F3E1E3E66FC00B7689E /* SOAPEngine64.framework */,
			);
			name = Frameworks;
			sourceTree = "<group>";
		};
/* End PBXGroup section */

/* Begin PBXNativeTarget section */
		9F970E3F1E3D6977003B37FB /* SOAPEngine Swift */ = {
			isa = PBXNativeTarget;
			buildConfigurationList = 9F970E521E3D6977003B37FB /* Build configuration list for PBXNativeTarget "SOAPEngine Swift" */;
			buildPhases = (
				9F970E3C1E3D6977003B37FB /* Sources */,
				9F970E3D1E3D6977003B37FB /* Frameworks */,
				9F970E3E1E3D6977003B37FB /* Resources */,
			);
			buildRules = (
			);
			dependencies = (
			);
			name = "SOAPEngine Swift";
			productName = "SOAPEngine Swift";
			productReference = 9F970E401E3D6977003B37FB /* SOAPEngine Swift.app */;
			productType = "com.apple.product-type.application";
		};
/* End PBXNativeTarget section */

/* Begin PBXProject section */
		9F970E381E3D6977003B37FB /* Project object */ = {
			isa = PBXProject;
			attributes = {
				LastSwiftUpdateCheck = 0820;
				LastUpgradeCheck = 0820;
				ORGANIZATIONNAME = "Danilo Priore";
				TargetAttributes = {
					9F970E3F1E3D6977003B37FB = {
						CreatedOnToolsVersion = 8.2.1;
						DevelopmentTeam = JQRB98RUML;
						LastSwiftMigration = 0820;
						ProvisioningStyle = Automatic;
					};
				};
			};
			buildConfigurationList = 9F970E3B1E3D6977003B37FB /* Build configuration list for PBXProject "SOAPEngine Swift" */;
			compatibilityVersion = "Xcode 3.2";
			developmentRegion = English;
			hasScannedForEncodings = 0;
			knownRegions = (
				English,
				en,
				Base,
			);
			mainGroup = 9F970E371E3D6977003B37FB;
			productRefGroup = 9F970E411E3D6977003B37FB /* Products */;
			projectDirPath = "";
			projectRoot = "";
			targets = (
				9F970E3F1E3D6977003B37FB /* SOAPEngine Swift */,
			);
		};
/* End PBXProject section */

/* Begin PBXResourcesBuildPhase section */
		9F970E3E1E3D6977003B37FB /* Resources */ = {
			isa = PBXResourcesBuildPhase;
			buildActionMask = 2147483647;
			files = (
				9F970E4E1E3D6977003B37FB /* LaunchScreen.storyboard in Resources */,
				9F970E4B1E3D6977003B37FB /* Assets.xcassets in Resources */,
				9F579049226250D80013E45B /* README.md in Resources */,
				9F579044226250C00013E45B /* README.markdown in Resources */,
				9F970E491E3D6977003B37FB /* Main.storyboard in Resources */,
			);
			runOnlyForDeploymentPostprocessing = 0;
		};
/* End PBXResourcesBuildPhase section */

/* Begin PBXSourcesBuildPhase section */
		9F970E3C1E3D6977003B37FB /* Sources */ = {
			isa = PBXSourcesBuildPhase;
			buildActionMask = 2147483647;
			files = (
				9F970E461E3D6977003B37FB /* ViewController.swift in Sources */,
				9F970E441E3D6977003B37FB /* AppDelegate.swift in Sources */,
				9F579045226250C00013E45B /* TBXML+Compression.m in Sources */,
				9F579046226250C00013E45B /* TBXML.m in Sources */,
				9F5790382262506C0013E45B /* YCXMLDictionary.m in Sources */,
				9F579047226250C00013E45B /* TBXML+HTTP.m in Sources */,
			);
			runOnlyForDeploymentPostprocessing = 0;
		};
/* End PBXSourcesBuildPhase section */

/* Begin PBXVariantGroup section */
		9F970E471E3D6977003B37FB /* Main.storyboard */ = {
			isa = PBXVariantGroup;
			children = (
				9F970E481E3D6977003B37FB /* Base */,
			);
			name = Main.storyboard;
			sourceTree = "<group>";
		};
		9F970E4C1E3D6977003B37FB /* LaunchScreen.storyboard */ = {
			isa = PBXVariantGroup;
			children = (
				9F970E4D1E3D6977003B37FB /* Base */,
			);
			name = LaunchScreen.storyboard;
			sourceTree = "<group>";
		};
/* End PBXVariantGroup section */

/* Begin XCBuildConfiguration section */
		9F970E501E3D6977003B37FB /* Debug */ = {
			isa = XCBuildConfiguration;
			buildSettings = {
				ALWAYS_SEARCH_USER_PATHS = NO;
				CLANG_ANALYZER_NONNULL = YES;
				CLANG_CXX_LANGUAGE_STANDARD = "gnu++0x";
				CLANG_CXX_LIBRARY = "libc++";
				CLANG_ENABLE_MODULES = YES;
				CLANG_ENABLE_OBJC_ARC = YES;
				CLANG_WARN_BOOL_CONVERSION = YES;
				CLANG_WARN_CONSTANT_CONVERSION = YES;
				CLANG_WARN_DIRECT_OBJC_ISA_USAGE = YES_ERROR;
				CLANG_WARN_DOCUMENTATION_COMMENTS = YES;
				CLANG_WARN_EMPTY_BODY = YES;
				CLANG_WARN_ENUM_CONVERSION = YES;
				CLANG_WARN_INFINITE_RECURSION = YES;
				CLANG_WARN_INT_CONVERSION = YES;
				CLANG_WARN_OBJC_ROOT_CLASS = YES_ERROR;
				CLANG_WARN_SUSPICIOUS_MOVE = YES;
				CLANG_WARN_UNREACHABLE_CODE = YES;
				CLANG_WARN__DUPLICATE_METHOD_MATCH = YES;
				"CODE_SIGN_IDENTITY[sdk=iphoneos*]" = "iPhone Developer";
				COPY_PHASE_STRIP = NO;
				DEBUG_INFORMATION_FORMAT = dwarf;
				ENABLE_STRICT_OBJC_MSGSEND = YES;
				ENABLE_TESTABILITY = YES;
				GCC_C_LANGUAGE_STANDARD = gnu99;
				GCC_DYNAMIC_NO_PIC = NO;
				GCC_NO_COMMON_BLOCKS = YES;
				GCC_OPTIMIZATION_LEVEL = 0;
				GCC_PREPROCESSOR_DEFINITIONS = (
					"DEBUG=1",
					"$(inherited)",
				);
				GCC_WARN_64_TO_32_BIT_CONVERSION = YES;
				GCC_WARN_ABOUT_RETURN_TYPE = YES_ERROR;
				GCC_WARN_UNDECLARED_SELECTOR = YES;
				GCC_WARN_UNINITIALIZED_AUTOS = YES_AGGRESSIVE;
				GCC_WARN_UNUSED_FUNCTION = YES;
				GCC_WARN_UNUSED_VARIABLE = YES;
				IPHONEOS_DEPLOYMENT_TARGET = 10.2;
				MTL_ENABLE_DEBUG_INFO = YES;
				SWIFT_ACTIVE_COMPILATION_CONDITIONS = DEBUG;
				SWIFT_OPTIMIZATION_LEVEL = "-Onone";
				TARGETED_DEVICE_FAMILY = "1,2";
			};
			name = Debug;
		};
		9F970E511E3D6977003B37FB /* Release */ = {
			isa = XCBuildConfiguration;
			buildSettings = {
				ALWAYS_SEARCH_USER_PATHS = NO;
				CLANG_ANALYZER_NONNULL = YES;
				CLANG_CXX_LANGUAGE_STANDARD = "gnu++0x";
				CLANG_CXX_LIBRARY = "libc++";
				CLANG_ENABLE_MODULES = YES;
				CLANG_ENABLE_OBJC_ARC = YES;
				CLANG_WARN_BOOL_CONVERSION = YES;
				CLANG_WARN_CONSTANT_CONVERSION = YES;
				CLANG_WARN_DIRECT_OBJC_ISA_USAGE = YES_ERROR;
				CLANG_WARN_DOCUMENTATION_COMMENTS = YES;
				CLANG_WARN_EMPTY_BODY = YES;
				CLANG_WARN_ENUM_CONVERSION = YES;
				CLANG_WARN_INFINITE_RECURSION = YES;
				CLANG_WARN_INT_CONVERSION = YES;
				CLANG_WARN_OBJC_ROOT_CLASS = YES_ERROR;
				CLANG_WARN_SUSPICIOUS_MOVE = YES;
				CLANG_WARN_UNREACHABLE_CODE = YES;
				CLANG_WARN__DUPLICATE_METHOD_MATCH = YES;
				"CODE_SIGN_IDENTITY[sdk=iphoneos*]" = "iPhone Developer";
				COPY_PHASE_STRIP = NO;
				DEBUG_INFORMATION_FORMAT = "dwarf-with-dsym";
				ENABLE_NS_ASSERTIONS = NO;
				ENABLE_STRICT_OBJC_MSGSEND = YES;
				GCC_C_LANGUAGE_STANDARD = gnu99;
				GCC_NO_COMMON_BLOCKS = YES;
				GCC_WARN_64_TO_32_BIT_CONVERSION = YES;
				GCC_WARN_ABOUT_RETURN_TYPE = YES_ERROR;
				GCC_WARN_UNDECLARED_SELECTOR = YES;
				GCC_WARN_UNINITIALIZED_AUTOS = YES_AGGRESSIVE;
				GCC_WARN_UNUSED_FUNCTION = YES;
				GCC_WARN_UNUSED_VARIABLE = YES;
				IPHONEOS_DEPLOYMENT_TARGET = 10.2;
				MTL_ENABLE_DEBUG_INFO = NO;
				SWIFT_OPTIMIZATION_LEVEL = "-Owholemodule";
				TARGETED_DEVICE_FAMILY = "1,2";
				VALIDATE_PRODUCT = YES;
			};
			name = Release;
		};
		9F970E531E3D6977003B37FB /* Debug */ = {
			isa = XCBuildConfiguration;
			buildSettings = {
				ASSETCATALOG_COMPILER_APPICON_NAME = AppIcon;
				CLANG_ENABLE_MODULES = YES;
				DEVELOPMENT_TEAM = JQRB98RUML;
				FRAMEWORK_SEARCH_PATHS = ../;
				INFOPLIST_FILE = "SOAPEngine Swift/Info.plist";
				LD_RUNPATH_SEARCH_PATHS = "$(inherited) @executable_path/Frameworks";
				ONLY_ACTIVE_ARCH = YES;
				OTHER_LDFLAGS = "-lxml2";
				PRODUCT_BUNDLE_IDENTIFIER = "com.prioregroup.soapengine-sample";
				PRODUCT_NAME = "$(TARGET_NAME)";
				SDKROOT = iphoneos;
				SWIFT_OBJC_BRIDGING_HEADER = "SOAPEngine Swift/SOAPEngine-Bridging-Header.h";
				SWIFT_OPTIMIZATION_LEVEL = "-Onone";
				SWIFT_VERSION = 4.0;
			};
			name = Debug;
		};
		9F970E541E3D6977003B37FB /* Release */ = {
			isa = XCBuildConfiguration;
			buildSettings = {
				ASSETCATALOG_COMPILER_APPICON_NAME = AppIcon;
				CLANG_ENABLE_MODULES = YES;
				DEVELOPMENT_TEAM = JQRB98RUML;
				FRAMEWORK_SEARCH_PATHS = ../;
				INFOPLIST_FILE = "SOAPEngine Swift/Info.plist";
				LD_RUNPATH_SEARCH_PATHS = "$(inherited) @executable_path/Frameworks";
				OTHER_LDFLAGS = "-lxml2";
				PRODUCT_BUNDLE_IDENTIFIER = "com.prioregroup.soapengine-sample";
				PRODUCT_NAME = "$(TARGET_NAME)";
				SDKROOT = iphoneos;
				SWIFT_OBJC_BRIDGING_HEADER = "SOAPEngine Swift/SOAPEngine-Bridging-Header.h";
				SWIFT_VERSION = 4.0;
			};
			name = Release;
		};
/* End XCBuildConfiguration section */

/* Begin XCConfigurationList section */
		9F970E3B1E3D6977003B37FB /* Build configuration list for PBXProject "SOAPEngine Swift" */ = {
			isa = XCConfigurationList;
			buildConfigurations = (
				9F970E501E3D6977003B37FB /* Debug */,
				9F970E511E3D6977003B37FB /* Release */,
			);
			defaultConfigurationIsVisible = 0;
			defaultConfigurationName = Release;
		};
		9F970E521E3D6977003B37FB /* Build configuration list for PBXNativeTarget "SOAPEngine Swift" */ = {
			isa = XCConfigurationList;
			buildConfigurations = (
				9F970E531E3D6977003B37FB /* Debug */,
				9F970E541E3D6977003B37FB /* Release */,
			);
			defaultConfigurationIsVisible = 0;
			defaultConfigurationName = Release;
		};
/* End XCConfigurationList section */
	};
	rootObject = 9F970E381E3D6977003B37FB /* Project object */;
}
