// !$*UTF8*$!
{
	archiveVersion = 1;
	classes = {
	};
	objectVersion = 46;
	objects = {

/* Begin PBXBuildFile section */
		9FBFDAD21A80CE6B0024E73C /* AppDelegate.swift in Sources */ = {isa = PBXBuildFile; fileRef = 9FBFDAD11A80CE6B0024E73C /* AppDelegate.swift */; };
		9FBFDAD41A80CE6B0024E73C /* ViewController.swift in Sources */ = {isa = PBXBuildFile; fileRef = 9FBFDAD31A80CE6B0024E73C /* ViewController.swift */; };
		9FBFDAD71A80CE6B0024E73C /* Main.storyboard in Resources */ = {isa = PBXBuildFile; fileRef = 9FBFDAD51A80CE6B0024E73C /* Main.storyboard */; };
		9FBFDAD91A80CE6B0024E73C /* Images.xcassets in Resources */ = {isa = PBXBuildFile; fileRef = 9FBFDAD81A80CE6B0024E73C /* Images.xcassets */; };
		9FBFDADC1A80CE6B0024E73C /* LaunchScreen.xib in Resources */ = {isa = PBXBuildFile; fileRef = 9FBFDADA1A80CE6B0024E73C /* LaunchScreen.xib */; };
		9FBFDAF41A80CF510024E73C /* Security.framework in Frameworks */ = {isa = PBXBuildFile; fileRef = 9FBFDAF31A80CF510024E73C /* Security.framework */; };
		9FBFDAF91A80D5010024E73C /* SOAPEngine64.framework in Frameworks */ = {isa = PBXBuildFile; fileRef = 9FBFDAF81A80D5010024E73C /* SOAPEngine64.framework */; };
		9FC73A211B04FF450029DC82 /* Accounts.framework in Frameworks */ = {isa = PBXBuildFile; fileRef = 9FC73A201B04FF450029DC82 /* Accounts.framework */; };
/* End PBXBuildFile section */

/* Begin PBXFileReference section */
		9FBFDACC1A80CE6B0024E73C /* SOAPEngine Swift.app */ = {isa = PBXFileReference; explicitFileType = wrapper.application; includeInIndex = 0; path = "SOAPEngine Swift.app"; sourceTree = BUILT_PRODUCTS_DIR; };
		9FBFDAD01A80CE6B0024E73C /* Info.plist */ = {isa = PBXFileReference; lastKnownFileType = text.plist.xml; path = Info.plist; sourceTree = "<group>"; };
		9FBFDAD11A80CE6B0024E73C /* AppDelegate.swift */ = {isa = PBXFileReference; lastKnownFileType = sourcecode.swift; path = AppDelegate.swift; sourceTree = "<group>"; };
		9FBFDAD31A80CE6B0024E73C /* ViewController.swift */ = {isa = PBXFileReference; lastKnownFileType = sourcecode.swift; path = ViewController.swift; sourceTree = "<group>"; };
		9FBFDAD61A80CE6B0024E73C /* Base */ = {isa = PBXFileReference; lastKnownFileType = file.storyboard; name = Base; path = Base.lproj/Main.storyboard; sourceTree = "<group>"; };
		9FBFDAD81A80CE6B0024E73C /* Images.xcassets */ = {isa = PBXFileReference; lastKnownFileType = folder.assetcatalog; path = Images.xcassets; sourceTree = "<group>"; };
		9FBFDADB1A80CE6B0024E73C /* Base */ = {isa = PBXFileReference; lastKnownFileType = file.xib; name = Base; path = Base.lproj/LaunchScreen.xib; sourceTree = "<group>"; };
		9FBFDAF31A80CF510024E73C /* Security.framework */ = {isa = PBXFileReference; lastKnownFileType = wrapper.framework; name = Security.framework; path = System/Library/Frameworks/Security.framework; sourceTree = SDKROOT; };
		9FBFDAF71A80D1990024E73C /* SOAPEngine-Bridging-Header.h */ = {isa = PBXFileReference; fileEncoding = 4; lastKnownFileType = sourcecode.c.h; path = "SOAPEngine-Bridging-Header.h"; sourceTree = "<group>"; };
		9FBFDAF81A80D5010024E73C /* SOAPEngine64.framework */ = {isa = PBXFileReference; lastKnownFileType = wrapper.framework; name = SOAPEngine64.framework; path = ../SOAPEngine64.framework; sourceTree = "<group>"; };
		9FC73A201B04FF450029DC82 /* Accounts.framework */ = {isa = PBXFileReference; lastKnownFileType = wrapper.framework; name = Accounts.framework; path = System/Library/Frameworks/Accounts.framework; sourceTree = SDKROOT; };
/* End PBXFileReference section */

/* Begin PBXFrameworksBuildPhase section */
		9FBFDAC91A80CE6B0024E73C /* Frameworks */ = {
			isa = PBXFrameworksBuildPhase;
			buildActionMask = 2147483647;
			files = (
				9FC73A211B04FF450029DC82 /* Accounts.framework in Frameworks */,
				9FBFDAF41A80CF510024E73C /* Security.framework in Frameworks */,
				9FBFDAF91A80D5010024E73C /* SOAPEngine64.framework in Frameworks */,
			);
			runOnlyForDeploymentPostprocessing = 0;
		};
/* End PBXFrameworksBuildPhase section */

/* Begin PBXGroup section */
		9FBFDAC31A80CE6B0024E73C = {
			isa = PBXGroup;
			children = (
				9FBFDACE1A80CE6B0024E73C /* SOAPEngine Swift */,
				9FBFDAF51A80CF660024E73C /* Frameworks */,
				9FBFDACD1A80CE6B0024E73C /* Products */,
			);
			sourceTree = "<group>";
		};
		9FBFDACD1A80CE6B0024E73C /* Products */ = {
			isa = PBXGroup;
			children = (
				9FBFDACC1A80CE6B0024E73C /* SOAPEngine Swift.app */,
			);
			name = Products;
			sourceTree = "<group>";
		};
		9FBFDACE1A80CE6B0024E73C /* SOAPEngine Swift */ = {
			isa = PBXGroup;
			children = (
				9FBFDAD11A80CE6B0024E73C /* AppDelegate.swift */,
				9FBFDAD31A80CE6B0024E73C /* ViewController.swift */,
				9FBFDAD51A80CE6B0024E73C /* Main.storyboard */,
				9FBFDAD81A80CE6B0024E73C /* Images.xcassets */,
				9FBFDADA1A80CE6B0024E73C /* LaunchScreen.xib */,
				9FBFDAF71A80D1990024E73C /* SOAPEngine-Bridging-Header.h */,
				9FBFDACF1A80CE6B0024E73C /* Supporting Files */,
			);
			path = "SOAPEngine Swift";
			sourceTree = "<group>";
		};
		9FBFDACF1A80CE6B0024E73C /* Supporting Files */ = {
			isa = PBXGroup;
			children = (
				9FBFDAD01A80CE6B0024E73C /* Info.plist */,
			);
			name = "Supporting Files";
			sourceTree = "<group>";
		};
		9FBFDAF51A80CF660024E73C /* Frameworks */ = {
			isa = PBXGroup;
			children = (
				9FC73A201B04FF450029DC82 /* Accounts.framework */,
				9FBFDAF81A80D5010024E73C /* SOAPEngine64.framework */,
				9FBFDAF31A80CF510024E73C /* Security.framework */,
			);
			name = Frameworks;
			sourceTree = "<group>";
		};
/* End PBXGroup section */

/* Begin PBXNativeTarget section */
		9FBFDACB1A80CE6B0024E73C /* SOAPEngine Swift */ = {
			isa = PBXNativeTarget;
			buildConfigurationList = 9FBFDAEB1A80CE6B0024E73C /* Build configuration list for PBXNativeTarget "SOAPEngine Swift" */;
			buildPhases = (
				9FBFDAC81A80CE6B0024E73C /* Sources */,
				9FBFDAC91A80CE6B0024E73C /* Frameworks */,
				9FBFDACA1A80CE6B0024E73C /* Resources */,
			);
			buildRules = (
			);
			dependencies = (
			);
			name = "SOAPEngine Swift";
			productName = "SOAPEngine Swift";
			productReference = 9FBFDACC1A80CE6B0024E73C /* SOAPEngine Swift.app */;
			productType = "com.apple.product-type.application";
		};
/* End PBXNativeTarget section */

/* Begin PBXProject section */
		9FBFDAC41A80CE6B0024E73C /* Project object */ = {
			isa = PBXProject;
			attributes = {
				LastSwiftUpdateCheck = 0700;
				LastUpgradeCheck = 0700;
				ORGANIZATIONNAME = "Danilo Priore";
				TargetAttributes = {
					9FBFDACB1A80CE6B0024E73C = {
						CreatedOnToolsVersion = 6.1;
					};
				};
			};
			buildConfigurationList = 9FBFDAC71A80CE6B0024E73C /* Build configuration list for PBXProject "SOAPEngine Swift" */;
			compatibilityVersion = "Xcode 3.2";
			developmentRegion = English;
			hasScannedForEncodings = 0;
			knownRegions = (
				en,
				Base,
			);
			mainGroup = 9FBFDAC31A80CE6B0024E73C;
			productRefGroup = 9FBFDACD1A80CE6B0024E73C /* Products */;
			projectDirPath = "";
			projectRoot = "";
			targets = (
				9FBFDACB1A80CE6B0024E73C /* SOAPEngine Swift */,
			);
		};
/* End PBXProject section */

/* Begin PBXResourcesBuildPhase section */
		9FBFDACA1A80CE6B0024E73C /* Resources */ = {
			isa = PBXResourcesBuildPhase;
			buildActionMask = 2147483647;
			files = (
				9FBFDAD71A80CE6B0024E73C /* Main.storyboard in Resources */,
				9FBFDADC1A80CE6B0024E73C /* LaunchScreen.xib in Resources */,
				9FBFDAD91A80CE6B0024E73C /* Images.xcassets in Resources */,
			);
			runOnlyForDeploymentPostprocessing = 0;
		};
/* End PBXResourcesBuildPhase section */

/* Begin PBXSourcesBuildPhase section */
		9FBFDAC81A80CE6B0024E73C /* Sources */ = {
			isa = PBXSourcesBuildPhase;
			buildActionMask = 2147483647;
			files = (
				9FBFDAD41A80CE6B0024E73C /* ViewController.swift in Sources */,
				9FBFDAD21A80CE6B0024E73C /* AppDelegate.swift in Sources */,
			);
			runOnlyForDeploymentPostprocessing = 0;
		};
/* End PBXSourcesBuildPhase section */

/* Begin PBXVariantGroup section */
		9FBFDAD51A80CE6B0024E73C /* Main.storyboard */ = {
			isa = PBXVariantGroup;
			children = (
				9FBFDAD61A80CE6B0024E73C /* Base */,
			);
			name = Main.storyboard;
			sourceTree = "<group>";
		};
		9FBFDADA1A80CE6B0024E73C /* LaunchScreen.xib */ = {
			isa = PBXVariantGroup;
			children = (
				9FBFDADB1A80CE6B0024E73C /* Base */,
			);
			name = LaunchScreen.xib;
			sourceTree = "<group>";
		};
/* End PBXVariantGroup section */

/* Begin XCBuildConfiguration section */
		9FBFDAE91A80CE6B0024E73C /* Debug */ = {
			isa = XCBuildConfiguration;
			buildSettings = {
				ALWAYS_SEARCH_USER_PATHS = NO;
				CLANG_CXX_LANGUAGE_STANDARD = "gnu++0x";
				CLANG_CXX_LIBRARY = "libc++";
				CLANG_ENABLE_MODULES = YES;
				CLANG_ENABLE_OBJC_ARC = YES;
				CLANG_WARN_BOOL_CONVERSION = YES;
				CLANG_WARN_CONSTANT_CONVERSION = YES;
				CLANG_WARN_DIRECT_OBJC_ISA_USAGE = YES_ERROR;
				CLANG_WARN_EMPTY_BODY = YES;
				CLANG_WARN_ENUM_CONVERSION = YES;
				CLANG_WARN_INT_CONVERSION = YES;
				CLANG_WARN_OBJC_ROOT_CLASS = YES_ERROR;
				CLANG_WARN_UNREACHABLE_CODE = YES;
				CLANG_WARN__DUPLICATE_METHOD_MATCH = YES;
				COPY_PHASE_STRIP = NO;
				ENABLE_STRICT_OBJC_MSGSEND = YES;
				ENABLE_TESTABILITY = YES;
				GCC_C_LANGUAGE_STANDARD = gnu99;
				GCC_DYNAMIC_NO_PIC = NO;
				GCC_OPTIMIZATION_LEVEL = 0;
				GCC_PREPROCESSOR_DEFINITIONS = (
					"DEBUG=1",
					"$(inherited)",
				);
				GCC_SYMBOLS_PRIVATE_EXTERN = NO;
				GCC_WARN_64_TO_32_BIT_CONVERSION = YES;
				GCC_WARN_ABOUT_RETURN_TYPE = YES_ERROR;
				GCC_WARN_UNDECLARED_SELECTOR = YES;
				GCC_WARN_UNINITIALIZED_AUTOS = YES_AGGRESSIVE;
				GCC_WARN_UNUSED_FUNCTION = YES;
				GCC_WARN_UNUSED_VARIABLE = YES;
				IPHONEOS_DEPLOYMENT_TARGET = 7.1;
				MTL_ENABLE_DEBUG_INFO = YES;
				ONLY_ACTIVE_ARCH = YES;
				SDKROOT = iphoneos;
				SWIFT_OPTIMIZATION_LEVEL = "-Onone";
				TARGETED_DEVICE_FAMILY = "1,2";
			};
			name = Debug;
		};
		9FBFDAEA1A80CE6B0024E73C /* Release */ = {
			isa = XCBuildConfiguration;
			buildSettings = {
				ALWAYS_SEARCH_USER_PATHS = NO;
				CLANG_CXX_LANGUAGE_STANDARD = "gnu++0x";
				CLANG_CXX_LIBRARY = "libc++";
				CLANG_ENABLE_MODULES = YES;
				CLANG_ENABLE_OBJC_ARC = YES;
				CLANG_WARN_BOOL_CONVERSION = YES;
				CLANG_WARN_CONSTANT_CONVERSION = YES;
				CLANG_WARN_DIRECT_OBJC_ISA_USAGE = YES_ERROR;
				CLANG_WARN_EMPTY_BODY = YES;
				CLANG_WARN_ENUM_CONVERSION = YES;
				CLANG_WARN_INT_CONVERSION = YES;
				CLANG_WARN_OBJC_ROOT_CLASS = YES_ERROR;
				CLANG_WARN_UNREACHABLE_CODE = YES;
				CLANG_WARN__DUPLICATE_METHOD_MATCH = YES;
				COPY_PHASE_STRIP = YES;
				ENABLE_NS_ASSERTIONS = NO;
				ENABLE_STRICT_OBJC_MSGSEND = YES;
				GCC_C_LANGUAGE_STANDARD = gnu99;
				GCC_WARN_64_TO_32_BIT_CONVERSION = YES;
				GCC_WARN_ABOUT_RETURN_TYPE = YES_ERROR;
				GCC_WARN_UNDECLARED_SELECTOR = YES;
				GCC_WARN_UNINITIALIZED_AUTOS = YES_AGGRESSIVE;
				GCC_WARN_UNUSED_FUNCTION = YES;
				GCC_WARN_UNUSED_VARIABLE = YES;
				IPHONEOS_DEPLOYMENT_TARGET = 7.1;
				MTL_ENABLE_DEBUG_INFO = NO;
				SDKROOT = iphoneos;
				TARGETED_DEVICE_FAMILY = "1,2";
				VALIDATE_PRODUCT = YES;
			};
			name = Release;
		};
		9FBFDAEC1A80CE6B0024E73C /* Debug */ = {
			isa = XCBuildConfiguration;
			buildSettings = {
				ASSETCATALOG_COMPILER_APPICON_NAME = AppIcon;
				CODE_SIGN_IDENTITY = "iPhone Developer";
				FRAMEWORK_SEARCH_PATHS = (
					"$(inherited)",
					"\"$(SRCROOT)/..\"",
					/Users/danilo/Desktop/SOAPEngine_bin/release/SOAPEngine,
				);
				HEADER_SEARCH_PATHS = /usr/include/libxml2;
				INFOPLIST_FILE = "SOAPEngine Swift/Info.plist";
				LD_RUNPATH_SEARCH_PATHS = "$(inherited) @executable_path/Frameworks";
				OTHER_LDFLAGS = "-lxml2";
				PRODUCT_BUNDLE_IDENTIFIER = "com.prioregroup.soapengine-sample";
				PRODUCT_NAME = "$(TARGET_NAME)";
				SWIFT_OBJC_BRIDGING_HEADER = "SOAPEngine Swift/SOAPEngine-Bridging-Header.h";
			};
			name = Debug;
		};
		9FBFDAED1A80CE6B0024E73C /* Release */ = {
			isa = XCBuildConfiguration;
			buildSettings = {
				ASSETCATALOG_COMPILER_APPICON_NAME = AppIcon;
				CODE_SIGN_IDENTITY = "iPhone Developer";
				FRAMEWORK_SEARCH_PATHS = (
					"$(inherited)",
					"\"$(SRCROOT)/..\"",
					/Users/danilo/Desktop/SOAPEngine_bin/release/SOAPEngine,
				);
				HEADER_SEARCH_PATHS = /usr/include/libxml2;
				INFOPLIST_FILE = "SOAPEngine Swift/Info.plist";
				LD_RUNPATH_SEARCH_PATHS = "$(inherited) @executable_path/Frameworks";
				OTHER_LDFLAGS = "-lxml2";
				PRODUCT_BUNDLE_IDENTIFIER = "com.prioregroup.soapengine-sample";
				PRODUCT_NAME = "$(TARGET_NAME)";
				SWIFT_OBJC_BRIDGING_HEADER = "SOAPEngine Swift/SOAPEngine-Bridging-Header.h";
			};
			name = Release;
		};
/* End XCBuildConfiguration section */

/* Begin XCConfigurationList section */
		9FBFDAC71A80CE6B0024E73C /* Build configuration list for PBXProject "SOAPEngine Swift" */ = {
			isa = XCConfigurationList;
			buildConfigurations = (
				9FBFDAE91A80CE6B0024E73C /* Debug */,
				9FBFDAEA1A80CE6B0024E73C /* Release */,
			);
			defaultConfigurationIsVisible = 0;
			defaultConfigurationName = Release;
		};
		9FBFDAEB1A80CE6B0024E73C /* Build configuration list for PBXNativeTarget "SOAPEngine Swift" */ = {
			isa = XCConfigurationList;
			buildConfigurations = (
				9FBFDAEC1A80CE6B0024E73C /* Debug */,
				9FBFDAED1A80CE6B0024E73C /* Release */,
			);
			defaultConfigurationIsVisible = 0;
			defaultConfigurationName = Release;
		};
/* End XCConfigurationList section */
	};
	rootObject = 9FBFDAC41A80CE6B0024E73C /* Project object */;
}
