// !$*UTF8*$!
{
	archiveVersion = 1;
	classes = {
	};
	objectVersion = 46;
	objects = {

/* Begin PBXBuildFile section */
		9F970E021E3D6909003B37FB /* AppDelegate.m in Sources */ = {isa = PBXBuildFile; fileRef = 9F970E011E3D6909003B37FB /* AppDelegate.m */; };
		9F970E051E3D6909003B37FB /* main.m in Sources */ = {isa = PBXBuildFile; fileRef = 9F970E041E3D6909003B37FB /* main.m */; };
		9F970E081E3D6909003B37FB /* ViewController.m in Sources */ = {isa = PBXBuildFile; fileRef = 9F970E071E3D6909003B37FB /* ViewController.m */; };
		9F970E0A1E3D6909003B37FB /* Assets.xcassets in Resources */ = {isa = PBXBuildFile; fileRef = 9F970E091E3D6909003B37FB /* Assets.xcassets */; };
		9F970E0D1E3D6909003B37FB /* Main.storyboard in Resources */ = {isa = PBXBuildFile; fileRef = 9F970E0B1E3D6909003B37FB /* Main.storyboard */; };
		9FCB8F3B1E3E66E900B7689E /* SOAPEngineOSX.framework in Frameworks */ = {isa = PBXBuildFile; fileRef = 9FCB8F3A1E3E66E900B7689E /* SOAPEngineOSX.framework */; };
/* End PBXBuildFile section */

/* Begin PBXFileReference section */
		9F970DFD1E3D6909003B37FB /* SOAPEngine OSX.app */ = {isa = PBXFileReference; explicitFileType = wrapper.application; includeInIndex = 0; path = "SOAPEngine OSX.app"; sourceTree = BUILT_PRODUCTS_DIR; };
		9F970E001E3D6909003B37FB /* AppDelegate.h */ = {isa = PBXFileReference; lastKnownFileType = sourcecode.c.h; path = AppDelegate.h; sourceTree = "<group>"; };
		9F970E011E3D6909003B37FB /* AppDelegate.m */ = {isa = PBXFileReference; lastKnownFileType = sourcecode.c.objc; path = AppDelegate.m; sourceTree = "<group>"; };
		9F970E041E3D6909003B37FB /* main.m */ = {isa = PBXFileReference; lastKnownFileType = sourcecode.c.objc; path = main.m; sourceTree = "<group>"; };
		9F970E061E3D6909003B37FB /* ViewController.h */ = {isa = PBXFileReference; lastKnownFileType = sourcecode.c.h; path = ViewController.h; sourceTree = "<group>"; };
		9F970E071E3D6909003B37FB /* ViewController.m */ = {isa = PBXFileReference; lastKnownFileType = sourcecode.c.objc; path = ViewController.m; sourceTree = "<group>"; };
		9F970E091E3D6909003B37FB /* Assets.xcassets */ = {isa = PBXFileReference; lastKnownFileType = folder.assetcatalog; path = Assets.xcassets; sourceTree = "<group>"; };
		9F970E0C1E3D6909003B37FB /* Base */ = {isa = PBXFileReference; lastKnownFileType = file.storyboard; name = Base; path = Base.lproj/Main.storyboard; sourceTree = "<group>"; };
		9F970E0E1E3D6909003B37FB /* Info.plist */ = {isa = PBXFileReference; lastKnownFileType = text.plist.xml; path = Info.plist; sourceTree = "<group>"; };
		9FCB8F3A1E3E66E900B7689E /* SOAPEngineOSX.framework */ = {isa = PBXFileReference; lastKnownFileType = wrapper.framework; name = SOAPEngineOSX.framework; path = ../SOAPEngineOSX.framework; sourceTree = "<group>"; };
/* End PBXFileReference section */

/* Begin PBXFrameworksBuildPhase section */
		9F970DFA1E3D6909003B37FB /* Frameworks */ = {
			isa = PBXFrameworksBuildPhase;
			buildActionMask = 2147483647;
			files = (
				9FCB8F3B1E3E66E900B7689E /* SOAPEngineOSX.framework in Frameworks */,
			);
			runOnlyForDeploymentPostprocessing = 0;
		};
/* End PBXFrameworksBuildPhase section */

/* Begin PBXGroup section */
		9F970DF41E3D6909003B37FB = {
			isa = PBXGroup;
			children = (
				9F970DFF1E3D6909003B37FB /* SOAPEngine OSX */,
				9F970DFE1E3D6909003B37FB /* Products */,
				9F970E551E3D69A2003B37FB /* Frameworks */,
			);
			sourceTree = "<group>";
		};
		9F970DFE1E3D6909003B37FB /* Products */ = {
			isa = PBXGroup;
			children = (
				9F970DFD1E3D6909003B37FB /* SOAPEngine OSX.app */,
			);
			name = Products;
			sourceTree = "<group>";
		};
		9F970DFF1E3D6909003B37FB /* SOAPEngine OSX */ = {
			isa = PBXGroup;
			children = (
				9F970E001E3D6909003B37FB /* AppDelegate.h */,
				9F970E011E3D6909003B37FB /* AppDelegate.m */,
				9F970E061E3D6909003B37FB /* ViewController.h */,
				9F970E071E3D6909003B37FB /* ViewController.m */,
				9F970E091E3D6909003B37FB /* Assets.xcassets */,
				9F970E0B1E3D6909003B37FB /* Main.storyboard */,
				9F970E0E1E3D6909003B37FB /* Info.plist */,
				9F970E031E3D6909003B37FB /* Supporting Files */,
			);
			path = "SOAPEngine OSX";
			sourceTree = "<group>";
		};
		9F970E031E3D6909003B37FB /* Supporting Files */ = {
			isa = PBXGroup;
			children = (
				9F970E041E3D6909003B37FB /* main.m */,
			);
			name = "Supporting Files";
			sourceTree = "<group>";
		};
		9F970E551E3D69A2003B37FB /* Frameworks */ = {
			isa = PBXGroup;
			children = (
				9FCB8F3A1E3E66E900B7689E /* SOAPEngineOSX.framework */,
			);
			name = Frameworks;
			sourceTree = "<group>";
		};
/* End PBXGroup section */

/* Begin PBXNativeTarget section */
		9F970DFC1E3D6909003B37FB /* SOAPEngine OSX */ = {
			isa = PBXNativeTarget;
			buildConfigurationList = 9F970E111E3D6909003B37FB /* Build configuration list for PBXNativeTarget "SOAPEngine OSX" */;
			buildPhases = (
				9F970DF91E3D6909003B37FB /* Sources */,
				9F970DFA1E3D6909003B37FB /* Frameworks */,
				9F970DFB1E3D6909003B37FB /* Resources */,
			);
			buildRules = (
			);
			dependencies = (
			);
			name = "SOAPEngine OSX";
			productName = "SOAPEngine OSX";
			productReference = 9F970DFD1E3D6909003B37FB /* SOAPEngine OSX.app */;
			productType = "com.apple.product-type.application";
		};
/* End PBXNativeTarget section */

/* Begin PBXProject section */
		9F970DF51E3D6909003B37FB /* Project object */ = {
			isa = PBXProject;
			attributes = {
				LastUpgradeCheck = 0820;
				ORGANIZATIONNAME = "Danilo Priore";
				TargetAttributes = {
					9F970DFC1E3D6909003B37FB = {
						CreatedOnToolsVersion = 8.2.1;
						ProvisioningStyle = Automatic;
					};
				};
			};
			buildConfigurationList = 9F970DF81E3D6909003B37FB /* Build configuration list for PBXProject "SOAPEngine OSX" */;
			compatibilityVersion = "Xcode 3.2";
			developmentRegion = English;
			hasScannedForEncodings = 0;
			knownRegions = (
				en,
				Base,
			);
			mainGroup = 9F970DF41E3D6909003B37FB;
			productRefGroup = 9F970DFE1E3D6909003B37FB /* Products */;
			projectDirPath = "";
			projectRoot = "";
			targets = (
				9F970DFC1E3D6909003B37FB /* SOAPEngine OSX */,
			);
		};
/* End PBXProject section */

/* Begin PBXResourcesBuildPhase section */
		9F970DFB1E3D6909003B37FB /* Resources */ = {
			isa = PBXResourcesBuildPhase;
			buildActionMask = 2147483647;
			files = (
				9F970E0A1E3D6909003B37FB /* Assets.xcassets in Resources */,
				9F970E0D1E3D6909003B37FB /* Main.storyboard in Resources */,
			);
			runOnlyForDeploymentPostprocessing = 0;
		};
/* End PBXResourcesBuildPhase section */

/* Begin PBXSourcesBuildPhase section */
		9F970DF91E3D6909003B37FB /* Sources */ = {
			isa = PBXSourcesBuildPhase;
			buildActionMask = 2147483647;
			files = (
				9F970E081E3D6909003B37FB /* ViewController.m in Sources */,
				9F970E051E3D6909003B37FB /* main.m in Sources */,
				9F970E021E3D6909003B37FB /* AppDelegate.m in Sources */,
			);
			runOnlyForDeploymentPostprocessing = 0;
		};
/* End PBXSourcesBuildPhase section */

/* Begin PBXVariantGroup section */
		9F970E0B1E3D6909003B37FB /* Main.storyboard */ = {
			isa = PBXVariantGroup;
			children = (
				9F970E0C1E3D6909003B37FB /* Base */,
			);
			name = Main.storyboard;
			sourceTree = "<group>";
		};
/* End PBXVariantGroup section */

/* Begin XCBuildConfiguration section */
		9F970E0F1E3D6909003B37FB /* Debug */ = {
			isa = XCBuildConfiguration;
			buildSettings = {
				ALWAYS_SEARCH_USER_PATHS = NO;
				CLANG_ANALYZER_NONNULL = YES;
				CLANG_CXX_LANGUAGE_STANDARD = "gnu++0x";
				CLANG_CXX_LIBRARY = "libc++";
				CLANG_ENABLE_MODULES = YES;
				CLANG_ENABLE_OBJC_ARC = YES;
				CLANG_WARN_BOOL_CONVERSION = YES;
				CLANG_WARN_CONSTANT_CONVERSION = YES;
				CLANG_WARN_DIRECT_OBJC_ISA_USAGE = YES_ERROR;
				CLANG_WARN_DOCUMENTATION_COMMENTS = YES;
				CLANG_WARN_EMPTY_BODY = YES;
				CLANG_WARN_ENUM_CONVERSION = YES;
				CLANG_WARN_INFINITE_RECURSION = YES;
				CLANG_WARN_INT_CONVERSION = YES;
				CLANG_WARN_OBJC_ROOT_CLASS = YES_ERROR;
				CLANG_WARN_SUSPICIOUS_MOVE = YES;
				CLANG_WARN_UNREACHABLE_CODE = YES;
				CLANG_WARN__DUPLICATE_METHOD_MATCH = YES;
				CODE_SIGN_IDENTITY = "-";
				COPY_PHASE_STRIP = NO;
				DEBUG_INFORMATION_FORMAT = dwarf;
				ENABLE_STRICT_OBJC_MSGSEND = YES;
				ENABLE_TESTABILITY = YES;
				GCC_C_LANGUAGE_STANDARD = gnu99;
				GCC_DYNAMIC_NO_PIC = NO;
				GCC_NO_COMMON_BLOCKS = YES;
				GCC_OPTIMIZATION_LEVEL = 0;
				GCC_PREPROCESSOR_DEFINITIONS = (
					"DEBUG=1",
					"$(inherited)",
				);
				GCC_WARN_64_TO_32_BIT_CONVERSION = YES;
				GCC_WARN_ABOUT_RETURN_TYPE = YES_ERROR;
				GCC_WARN_UNDECLARED_SELECTOR = YES;
				GCC_WARN_UNINITIALIZED_AUTOS = YES_AGGRESSIVE;
				GCC_WARN_UNUSED_FUNCTION = YES;
				GCC_WARN_UNUSED_VARIABLE = YES;
				MACOSX_DEPLOYMENT_TARGET = 10.12;
				MTL_ENABLE_DEBUG_INFO = YES;
				ONLY_ACTIVE_ARCH = YES;
				SDKROOT = macosx;
			};
			name = Debug;
		};
		9F970E101E3D6909003B37FB /* Release */ = {
			isa = XCBuildConfiguration;
			buildSettings = {
				ALWAYS_SEARCH_USER_PATHS = NO;
				CLANG_ANALYZER_NONNULL = YES;
				CLANG_CXX_LANGUAGE_STANDARD = "gnu++0x";
				CLANG_CXX_LIBRARY = "libc++";
				CLANG_ENABLE_MODULES = YES;
				CLANG_ENABLE_OBJC_ARC = YES;
				CLANG_WARN_BOOL_CONVERSION = YES;
				CLANG_WARN_CONSTANT_CONVERSION = YES;
				CLANG_WARN_DIRECT_OBJC_ISA_USAGE = YES_ERROR;
				CLANG_WARN_DOCUMENTATION_COMMENTS = YES;
				CLANG_WARN_EMPTY_BODY = YES;
				CLANG_WARN_ENUM_CONVERSION = YES;
				CLANG_WARN_INFINITE_RECURSION = YES;
				CLANG_WARN_INT_CONVERSION = YES;
				CLANG_WARN_OBJC_ROOT_CLASS = YES_ERROR;
				CLANG_WARN_SUSPICIOUS_MOVE = YES;
				CLANG_WARN_UNREACHABLE_CODE = YES;
				CLANG_WARN__DUPLICATE_METHOD_MATCH = YES;
				CODE_SIGN_IDENTITY = "-";
				COPY_PHASE_STRIP = NO;
				DEBUG_INFORMATION_FORMAT = "dwarf-with-dsym";
				ENABLE_NS_ASSERTIONS = NO;
				ENABLE_STRICT_OBJC_MSGSEND = YES;
				GCC_C_LANGUAGE_STANDARD = gnu99;
				GCC_NO_COMMON_BLOCKS = YES;
				GCC_WARN_64_TO_32_BIT_CONVERSION = YES;
				GCC_WARN_ABOUT_RETURN_TYPE = YES_ERROR;
				GCC_WARN_UNDECLARED_SELECTOR = YES;
				GCC_WARN_UNINITIALIZED_AUTOS = YES_AGGRESSIVE;
				GCC_WARN_UNUSED_FUNCTION = YES;
				GCC_WARN_UNUSED_VARIABLE = YES;
				MACOSX_DEPLOYMENT_TARGET = 10.12;
				MTL_ENABLE_DEBUG_INFO = NO;
				SDKROOT = macosx;
			};
			name = Release;
		};
		9F970E121E3D6909003B37FB /* Debug */ = {
			isa = XCBuildConfiguration;
			buildSettings = {
				ASSETCATALOG_COMPILER_APPICON_NAME = AppIcon;
				COMBINE_HIDPI_IMAGES = YES;
				FRAMEWORK_SEARCH_PATHS = ../;
				INFOPLIST_FILE = "SOAPEngine OSX/Info.plist";
				LD_RUNPATH_SEARCH_PATHS = "$(inherited) @executable_path/../Frameworks";
				OTHER_LDFLAGS = "-lxml2";
				PRODUCT_BUNDLE_IDENTIFIER = "com.prioregroup.soapengine-sample";
				PRODUCT_NAME = "$(TARGET_NAME)";
			};
			name = Debug;
		};
		9F970E131E3D6909003B37FB /* Release */ = {
			isa = XCBuildConfiguration;
			buildSettings = {
				ASSETCATALOG_COMPILER_APPICON_NAME = AppIcon;
				COMBINE_HIDPI_IMAGES = YES;
				FRAMEWORK_SEARCH_PATHS = ../;
				INFOPLIST_FILE = "SOAPEngine OSX/Info.plist";
				LD_RUNPATH_SEARCH_PATHS = "$(inherited) @executable_path/../Frameworks";
				OTHER_LDFLAGS = "-lxml2";
				PRODUCT_BUNDLE_IDENTIFIER = "com.prioregroup.soapengine-sample";
				PRODUCT_NAME = "$(TARGET_NAME)";
			};
			name = Release;
		};
/* End XCBuildConfiguration section */

/* Begin XCConfigurationList section */
		9F970DF81E3D6909003B37FB /* Build configuration list for PBXProject "SOAPEngine OSX" */ = {
			isa = XCConfigurationList;
			buildConfigurations = (
				9F970E0F1E3D6909003B37FB /* Debug */,
				9F970E101E3D6909003B37FB /* Release */,
			);
			defaultConfigurationIsVisible = 0;
			defaultConfigurationName = Release;
		};
		9F970E111E3D6909003B37FB /* Build configuration list for PBXNativeTarget "SOAPEngine OSX" */ = {
			isa = XCConfigurationList;
			buildConfigurations = (
				9F970E121E3D6909003B37FB /* Debug */,
				9F970E131E3D6909003B37FB /* Release */,
			);
			defaultConfigurationIsVisible = 0;
			defaultConfigurationName = Release;
		};
/* End XCConfigurationList section */
	};
	rootObject = 9F970DF51E3D6909003B37FB /* Project object */;
}
