// !$*UTF8*$!
{
	archiveVersion = 1;
	classes = {
	};
	objectVersion = 46;
	objects = {

/* Begin PBXBuildFile section */
		9F0804C11B04FCC8006524DF /* SOAPEngine64.framework in Frameworks */ = {isa = PBXBuildFile; fileRef = 9F0804C01B04FCC8006524DF /* SOAPEngine64.framework */; };
		9F3DF9A2165C045500A07453 /* UIKit.framework in Frameworks */ = {isa = PBXBuildFile; fileRef = 9F3DF9A1165C045500A07453 /* UIKit.framework */; };
		9F3DF9A4165C045500A07453 /* Foundation.framework in Frameworks */ = {isa = PBXBuildFile; fileRef = 9F3DF9A3165C045500A07453 /* Foundation.framework */; };
		9F3DF9A6165C045500A07453 /* CoreGraphics.framework in Frameworks */ = {isa = PBXBuildFile; fileRef = 9F3DF9A5165C045500A07453 /* CoreGraphics.framework */; };
		9F3DF9AC165C045500A07453 /* InfoPlist.strings in Resources */ = {isa = PBXBuildFile; fileRef = 9F3DF9AA165C045500A07453 /* InfoPlist.strings */; };
		9F3DF9AE165C045500A07453 /* main.m in Sources */ = {isa = PBXBuildFile; fileRef = 9F3DF9AD165C045500A07453 /* main.m */; };
		9F3DF9B2165C045500A07453 /* AppDelegate.m in Sources */ = {isa = PBXBuildFile; fileRef = 9F3DF9B1165C045500A07453 /* AppDelegate.m */; };
		9F3DF9D5165C04F200A07453 /* ViewController.m in Sources */ = {isa = PBXBuildFile; fileRef = 9F3DF9D3165C04F200A07453 /* ViewController.m */; };
		9F3DF9D6165C04F200A07453 /* ViewController.xib in Resources */ = {isa = PBXBuildFile; fileRef = 9F3DF9D4165C04F200A07453 /* ViewController.xib */; };
		9F89EDE517D222FE00791CF7 /* Security.framework in Frameworks */ = {isa = PBXBuildFile; fileRef = 9F89EDE417D222FE00791CF7 /* Security.framework */; };
		9FC69C64165C42BD00302808 /* MyObject.m in Sources */ = {isa = PBXBuildFile; fileRef = 9FC69C63165C42BD00302808 /* MyObject.m */; };
		9FC69CF7165C535500302808 /* Icon.png in Resources */ = {isa = PBXBuildFile; fileRef = 9FC69CF6165C535500302808 /* Icon.png */; };
		9FC73A1D1B04FE790029DC82 /* Accounts.framework in Frameworks */ = {isa = PBXBuildFile; fileRef = 9FC73A1C1B04FE790029DC82 /* Accounts.framework */; };
		9FCC46CD1BB78141009C7B86 /* Default-568h@2x.png in Resources */ = {isa = PBXBuildFile; fileRef = 9FCC46CC1BB78141009C7B86 /* Default-568h@2x.png */; settings = {ASSET_TAGS = (); }; };
/* End PBXBuildFile section */

/* Begin PBXFileReference section */
		9F0804C01B04FCC8006524DF /* SOAPEngine64.framework */ = {isa = PBXFileReference; lastKnownFileType = wrapper.framework; name = SOAPEngine64.framework; path = ../SOAPEngine64.framework; sourceTree = "<group>"; };
		9F3DF99D165C045500A07453 /* SOAPEngine Sample.app */ = {isa = PBXFileReference; explicitFileType = wrapper.application; includeInIndex = 0; path = "SOAPEngine Sample.app"; sourceTree = BUILT_PRODUCTS_DIR; };
		9F3DF9A1165C045500A07453 /* UIKit.framework */ = {isa = PBXFileReference; lastKnownFileType = wrapper.framework; name = UIKit.framework; path = System/Library/Frameworks/UIKit.framework; sourceTree = SDKROOT; };
		9F3DF9A3165C045500A07453 /* Foundation.framework */ = {isa = PBXFileReference; lastKnownFileType = wrapper.framework; name = Foundation.framework; path = System/Library/Frameworks/Foundation.framework; sourceTree = SDKROOT; };
		9F3DF9A5165C045500A07453 /* CoreGraphics.framework */ = {isa = PBXFileReference; lastKnownFileType = wrapper.framework; name = CoreGraphics.framework; path = System/Library/Frameworks/CoreGraphics.framework; sourceTree = SDKROOT; };
		9F3DF9A9165C045500A07453 /* SOAPEngine Sample-Info.plist */ = {isa = PBXFileReference; lastKnownFileType = text.plist.xml; path = "SOAPEngine Sample-Info.plist"; sourceTree = "<group>"; };
		9F3DF9AB165C045500A07453 /* en */ = {isa = PBXFileReference; lastKnownFileType = text.plist.strings; name = en; path = en.lproj/InfoPlist.strings; sourceTree = "<group>"; };
		9F3DF9AD165C045500A07453 /* main.m */ = {isa = PBXFileReference; lastKnownFileType = sourcecode.c.objc; path = main.m; sourceTree = "<group>"; };
		9F3DF9AF165C045500A07453 /* SOAPEngine Sample-Prefix.pch */ = {isa = PBXFileReference; lastKnownFileType = sourcecode.c.h; path = "SOAPEngine Sample-Prefix.pch"; sourceTree = "<group>"; };
		9F3DF9B0165C045500A07453 /* AppDelegate.h */ = {isa = PBXFileReference; lastKnownFileType = sourcecode.c.h; path = AppDelegate.h; sourceTree = "<group>"; };
		9F3DF9B1165C045500A07453 /* AppDelegate.m */ = {isa = PBXFileReference; lastKnownFileType = sourcecode.c.objc; path = AppDelegate.m; sourceTree = "<group>"; };
		9F3DF9D2165C04F200A07453 /* ViewController.h */ = {isa = PBXFileReference; fileEncoding = 4; lastKnownFileType = sourcecode.c.h; path = ViewController.h; sourceTree = "<group>"; };
		9F3DF9D3165C04F200A07453 /* ViewController.m */ = {isa = PBXFileReference; fileEncoding = 4; lastKnownFileType = sourcecode.c.objc; path = ViewController.m; sourceTree = "<group>"; };
		9F3DF9D4165C04F200A07453 /* ViewController.xib */ = {isa = PBXFileReference; fileEncoding = 4; lastKnownFileType = file.xib; path = ViewController.xib; sourceTree = "<group>"; };
		9F89EDE417D222FE00791CF7 /* Security.framework */ = {isa = PBXFileReference; lastKnownFileType = wrapper.framework; name = Security.framework; path = System/Library/Frameworks/Security.framework; sourceTree = SDKROOT; };
		9FC69C62165C42BD00302808 /* MyObject.h */ = {isa = PBXFileReference; fileEncoding = 4; lastKnownFileType = sourcecode.c.h; path = MyObject.h; sourceTree = "<group>"; };
		9FC69C63165C42BD00302808 /* MyObject.m */ = {isa = PBXFileReference; fileEncoding = 4; lastKnownFileType = sourcecode.c.objc; path = MyObject.m; sourceTree = "<group>"; };
		9FC69CF6165C535500302808 /* Icon.png */ = {isa = PBXFileReference; lastKnownFileType = image.png; name = Icon.png; path = ../Icon.png; sourceTree = "<group>"; };
		9FC73A1C1B04FE790029DC82 /* Accounts.framework */ = {isa = PBXFileReference; lastKnownFileType = wrapper.framework; name = Accounts.framework; path = System/Library/Frameworks/Accounts.framework; sourceTree = SDKROOT; };
		9FCC46CC1BB78141009C7B86 /* Default-568h@2x.png */ = {isa = PBXFileReference; lastKnownFileType = image.png; path = "Default-568h@2x.png"; sourceTree = "<group>"; };
/* End PBXFileReference section */

/* Begin PBXFrameworksBuildPhase section */
		9F3DF99A165C045500A07453 /* Frameworks */ = {
			isa = PBXFrameworksBuildPhase;
			buildActionMask = 2147483647;
			files = (
				9FC73A1D1B04FE790029DC82 /* Accounts.framework in Frameworks */,
				9F0804C11B04FCC8006524DF /* SOAPEngine64.framework in Frameworks */,
				9F89EDE517D222FE00791CF7 /* Security.framework in Frameworks */,
				9F3DF9A2165C045500A07453 /* UIKit.framework in Frameworks */,
				9F3DF9A4165C045500A07453 /* Foundation.framework in Frameworks */,
				9F3DF9A6165C045500A07453 /* CoreGraphics.framework in Frameworks */,
			);
			runOnlyForDeploymentPostprocessing = 0;
		};
/* End PBXFrameworksBuildPhase section */

/* Begin PBXGroup section */
		9F3DF992165C045500A07453 = {
			isa = PBXGroup;
			children = (
				9FCC46CC1BB78141009C7B86 /* Default-568h@2x.png */,
				9F3DF9A7165C045500A07453 /* SOAPEngine Sample */,
				9F3DF9A0165C045500A07453 /* Frameworks */,
				9F3DF99E165C045500A07453 /* Products */,
			);
			sourceTree = "<group>";
		};
		9F3DF99E165C045500A07453 /* Products */ = {
			isa = PBXGroup;
			children = (
				9F3DF99D165C045500A07453 /* SOAPEngine Sample.app */,
			);
			name = Products;
			sourceTree = "<group>";
		};
		9F3DF9A0165C045500A07453 /* Frameworks */ = {
			isa = PBXGroup;
			children = (
				9FC73A1C1B04FE790029DC82 /* Accounts.framework */,
				9F0804C01B04FCC8006524DF /* SOAPEngine64.framework */,
				9F89EDE417D222FE00791CF7 /* Security.framework */,
				9F3DF9A1165C045500A07453 /* UIKit.framework */,
				9F3DF9A3165C045500A07453 /* Foundation.framework */,
				9F3DF9A5165C045500A07453 /* CoreGraphics.framework */,
			);
			name = Frameworks;
			sourceTree = "<group>";
		};
		9F3DF9A7165C045500A07453 /* SOAPEngine Sample */ = {
			isa = PBXGroup;
			children = (
				9FC69C62165C42BD00302808 /* MyObject.h */,
				9FC69C63165C42BD00302808 /* MyObject.m */,
				9F3DF9B0165C045500A07453 /* AppDelegate.h */,
				9F3DF9B1165C045500A07453 /* AppDelegate.m */,
				9F3DF9D2165C04F200A07453 /* ViewController.h */,
				9F3DF9D3165C04F200A07453 /* ViewController.m */,
				9F3DF9D4165C04F200A07453 /* ViewController.xib */,
				9F3DF9A8165C045500A07453 /* Supporting Files */,
			);
			path = "SOAPEngine Sample";
			sourceTree = "<group>";
		};
		9F3DF9A8165C045500A07453 /* Supporting Files */ = {
			isa = PBXGroup;
			children = (
				9FC69CF6165C535500302808 /* Icon.png */,
				9F3DF9A9165C045500A07453 /* SOAPEngine Sample-Info.plist */,
				9F3DF9AA165C045500A07453 /* InfoPlist.strings */,
				9F3DF9AD165C045500A07453 /* main.m */,
				9F3DF9AF165C045500A07453 /* SOAPEngine Sample-Prefix.pch */,
			);
			name = "Supporting Files";
			sourceTree = "<group>";
		};
/* End PBXGroup section */

/* Begin PBXNativeTarget section */
		9F3DF99C165C045500A07453 /* SOAPEngine Sample */ = {
			isa = PBXNativeTarget;
			buildConfigurationList = 9F3DF9C1165C045500A07453 /* Build configuration list for PBXNativeTarget "SOAPEngine Sample" */;
			buildPhases = (
				9F3DF999165C045500A07453 /* Sources */,
				9F3DF99A165C045500A07453 /* Frameworks */,
				9F3DF99B165C045500A07453 /* Resources */,
			);
			buildRules = (
			);
			dependencies = (
			);
			name = "SOAPEngine Sample";
			productName = "SOAPEngine Sample";
			productReference = 9F3DF99D165C045500A07453 /* SOAPEngine Sample.app */;
			productType = "com.apple.product-type.application";
		};
/* End PBXNativeTarget section */

/* Begin PBXProject section */
		9F3DF994165C045500A07453 /* Project object */ = {
			isa = PBXProject;
			attributes = {
				LastUpgradeCheck = 0700;
				ORGANIZATIONNAME = Prioregorup.com;
			};
			buildConfigurationList = 9F3DF997165C045500A07453 /* Build configuration list for PBXProject "SOAPEngine Sample" */;
			compatibilityVersion = "Xcode 3.2";
			developmentRegion = English;
			hasScannedForEncodings = 0;
			knownRegions = (
				en,
			);
			mainGroup = 9F3DF992165C045500A07453;
			productRefGroup = 9F3DF99E165C045500A07453 /* Products */;
			projectDirPath = "";
			projectRoot = "";
			targets = (
				9F3DF99C165C045500A07453 /* SOAPEngine Sample */,
			);
		};
/* End PBXProject section */

/* Begin PBXResourcesBuildPhase section */
		9F3DF99B165C045500A07453 /* Resources */ = {
			isa = PBXResourcesBuildPhase;
			buildActionMask = 2147483647;
			files = (
				9F3DF9AC165C045500A07453 /* InfoPlist.strings in Resources */,
				9FCC46CD1BB78141009C7B86 /* Default-568h@2x.png in Resources */,
				9F3DF9D6165C04F200A07453 /* ViewController.xib in Resources */,
				9FC69CF7165C535500302808 /* Icon.png in Resources */,
			);
			runOnlyForDeploymentPostprocessing = 0;
		};
/* End PBXResourcesBuildPhase section */

/* Begin PBXSourcesBuildPhase section */
		9F3DF999165C045500A07453 /* Sources */ = {
			isa = PBXSourcesBuildPhase;
			buildActionMask = 2147483647;
			files = (
				9F3DF9AE165C045500A07453 /* main.m in Sources */,
				9F3DF9B2165C045500A07453 /* AppDelegate.m in Sources */,
				9F3DF9D5165C04F200A07453 /* ViewController.m in Sources */,
				9FC69C64165C42BD00302808 /* MyObject.m in Sources */,
			);
			runOnlyForDeploymentPostprocessing = 0;
		};
/* End PBXSourcesBuildPhase section */

/* Begin PBXVariantGroup section */
		9F3DF9AA165C045500A07453 /* InfoPlist.strings */ = {
			isa = PBXVariantGroup;
			children = (
				9F3DF9AB165C045500A07453 /* en */,
			);
			name = InfoPlist.strings;
			sourceTree = "<group>";
		};
/* End PBXVariantGroup section */

/* Begin XCBuildConfiguration section */
		9F3DF9BF165C045500A07453 /* Debug */ = {
			isa = XCBuildConfiguration;
			buildSettings = {
				CLANG_CXX_LANGUAGE_STANDARD = "gnu++0x";
				CLANG_CXX_LIBRARY = "libc++";
				CLANG_WARN_EMPTY_BODY = YES;
				CLANG_WARN__DUPLICATE_METHOD_MATCH = YES;
				COPY_PHASE_STRIP = NO;
				ENABLE_TESTABILITY = YES;
				GCC_C_LANGUAGE_STANDARD = gnu99;
				GCC_DYNAMIC_NO_PIC = NO;
				GCC_OPTIMIZATION_LEVEL = 0;
				GCC_PREPROCESSOR_DEFINITIONS = "DEBUG=1";
				GCC_SYMBOLS_PRIVATE_EXTERN = NO;
				GCC_WARN_ABOUT_RETURN_TYPE = YES;
				GCC_WARN_UNINITIALIZED_AUTOS = YES;
				GCC_WARN_UNUSED_VARIABLE = YES;
				HEADER_SEARCH_PATHS = /usr/include/libxml2;
				IPHONEOS_DEPLOYMENT_TARGET = 5.0;
				ONLY_ACTIVE_ARCH = YES;
				OTHER_CFLAGS = "";
				OTHER_LDFLAGS = "-lxml2";
				SDKROOT = iphoneos;
			};
			name = Debug;
		};
		9F3DF9C0165C045500A07453 /* Release */ = {
			isa = XCBuildConfiguration;
			buildSettings = {
				CLANG_CXX_LANGUAGE_STANDARD = "gnu++0x";
				CLANG_CXX_LIBRARY = "libc++";
				CLANG_WARN_EMPTY_BODY = YES;
				CLANG_WARN__DUPLICATE_METHOD_MATCH = YES;
				COPY_PHASE_STRIP = YES;
				GCC_C_LANGUAGE_STANDARD = gnu99;
				GCC_WARN_ABOUT_RETURN_TYPE = YES;
				GCC_WARN_UNINITIALIZED_AUTOS = YES;
				GCC_WARN_UNUSED_VARIABLE = YES;
				HEADER_SEARCH_PATHS = /usr/include/libxml2;
				IPHONEOS_DEPLOYMENT_TARGET = 5.0;
				OTHER_CFLAGS = "-DNS_BLOCK_ASSERTIONS=1";
				OTHER_LDFLAGS = "-lxml2";
				SDKROOT = iphoneos;
				VALIDATE_PRODUCT = YES;
			};
			name = Release;
		};
		9F3DF9C2165C045500A07453 /* Debug */ = {
			isa = XCBuildConfiguration;
			buildSettings = {
				CODE_SIGN_IDENTITY = "iPhone Developer";
				FRAMEWORK_SEARCH_PATHS = (
					"$(inherited)",
					"\"$(SRCROOT)/..\"",
				);
				GCC_PRECOMPILE_PREFIX_HEADER = YES;
				GCC_PREFIX_HEADER = "SOAPEngine Sample/SOAPEngine Sample-Prefix.pch";
				INFOPLIST_FILE = "SOAPEngine Sample/SOAPEngine Sample-Info.plist";
				IPHONEOS_DEPLOYMENT_TARGET = 7.1;
				PRODUCT_BUNDLE_IDENTIFIER = "com.prioregroup.soapengine-sample";
				PRODUCT_NAME = "$(TARGET_NAME)";
				WRAPPER_EXTENSION = app;
			};
			name = Debug;
		};
		9F3DF9C3165C045500A07453 /* Release */ = {
			isa = XCBuildConfiguration;
			buildSettings = {
				CODE_SIGN_IDENTITY = "iPhone Developer";
				FRAMEWORK_SEARCH_PATHS = (
					"$(inherited)",
					"\"$(SRCROOT)/..\"",
				);
				GCC_PRECOMPILE_PREFIX_HEADER = YES;
				GCC_PREFIX_HEADER = "SOAPEngine Sample/SOAPEngine Sample-Prefix.pch";
				INFOPLIST_FILE = "SOAPEngine Sample/SOAPEngine Sample-Info.plist";
				IPHONEOS_DEPLOYMENT_TARGET = 7.1;
				PRODUCT_BUNDLE_IDENTIFIER = "com.prioregroup.soapengine-sample";
				PRODUCT_NAME = "$(TARGET_NAME)";
				WRAPPER_EXTENSION = app;
			};
			name = Release;
		};
/* End XCBuildConfiguration section */

/* Begin XCConfigurationList section */
		9F3DF997165C045500A07453 /* Build configuration list for PBXProject "SOAPEngine Sample" */ = {
			isa = XCConfigurationList;
			buildConfigurations = (
				9F3DF9BF165C045500A07453 /* Debug */,
				9F3DF9C0165C045500A07453 /* Release */,
			);
			defaultConfigurationIsVisible = 0;
			defaultConfigurationName = Release;
		};
		9F3DF9C1165C045500A07453 /* Build configuration list for PBXNativeTarget "SOAPEngine Sample" */ = {
			isa = XCConfigurationList;
			buildConfigurations = (
				9F3DF9C2165C045500A07453 /* Debug */,
				9F3DF9C3165C045500A07453 /* Release */,
			);
			defaultConfigurationIsVisible = 0;
			defaultConfigurationName = Release;
		};
/* End XCConfigurationList section */
	};
	rootObject = 9F3DF994165C045500A07453 /* Project object */;
}
